// !$*UTF8*$!
{
	archiveVersion = 1;
	classes = {
	};
	objectVersion = 56;
	objects = {

/* Begin PBXBuildFile section */
		E129BA8E2ADEA87400837C7F /* SongPlayerViewController.swift in Sources */ = {isa = PBXBuildFile; fileRef = E129BA8D2ADEA87400837C7F /* SongPlayerViewController.swift */; };
		E129BA902ADEA88000837C7F /* SongPlayer.storyboard in Resources */ = {isa = PBXBuildFile; fileRef = E129BA8F2ADEA88000837C7F /* SongPlayer.storyboard */; };
		E15734052ADE90D100070385 /* AtrangiKissa.mp3 in Resources */ = {isa = PBXBuildFile; fileRef = E15733FE2ADE90D000070385 /* AtrangiKissa.mp3 */; };
		E15734062ADE90D100070385 /* MannLaage.mp3 in Resources */ = {isa = PBXBuildFile; fileRef = E15733FF2ADE90D000070385 /* MannLaage.mp3 */; };
		E15734072ADE90D100070385 /* ChaleyaJawan.mp3 in Resources */ = {isa = PBXBuildFile; fileRef = E15734002ADE90D000070385 /* ChaleyaJawan.mp3 */; };
		E15734082ADE90D100070385 /* SanuEkPal.mp3 in Resources */ = {isa = PBXBuildFile; fileRef = E15734012ADE90D000070385 /* SanuEkPal.mp3 */; };
		E15734092ADE90D100070385 /* HuaMainAnimal.mp3 in Resources */ = {isa = PBXBuildFile; fileRef = E15734022ADE90D000070385 /* HuaMainAnimal.mp3 */; };
		E157340A2ADE90D100070385 /* UnkiAadatSi.mp3 in Resources */ = {isa = PBXBuildFile; fileRef = E15734032ADE90D000070385 /* UnkiAadatSi.mp3 */; };
		E157340B2ADE90D100070385 /* JaanaHaiTohJa.mp3 in Resources */ = {isa = PBXBuildFile; fileRef = E15734042ADE90D100070385 /* JaanaHaiTohJa.mp3 */; };
		E157341E2ADE91AC00070385 /* ViewModel.swift in Sources */ = {isa = PBXBuildFile; fileRef = E157341D2ADE91AC00070385 /* ViewModel.swift */; };
		E15734212ADE91C100070385 /* Model.swift in Sources */ = {isa = PBXBuildFile; fileRef = E15734202ADE91C100070385 /* Model.swift */; };
		E18A038B2ADE93B800A10632 /* HomeLanding.storyboard in Resources */ = {isa = PBXBuildFile; fileRef = E18A038A2ADE93B800A10632 /* HomeLanding.storyboard */; };
		E18A038D2ADE93C900A10632 /* HomeLandingViewController.swift in Sources */ = {isa = PBXBuildFile; fileRef = E18A038C2ADE93C900A10632 /* HomeLandingViewController.swift */; };
		E1B9772F2AE460700095A5E9 /* AudioManager.swift in Sources */ = {isa = PBXBuildFile; fileRef = E1B9772E2AE460700095A5E9 /* AudioManager.swift */; };
		E1B977312AE4643C0095A5E9 /* AudioAssetManager.swift in Sources */ = {isa = PBXBuildFile; fileRef = E1B977302AE4643C0095A5E9 /* AudioAssetManager.swift */; };
		E1B977332AE465770095A5E9 /* AudioEntity.swift in Sources */ = {isa = PBXBuildFile; fileRef = E1B977322AE465770095A5E9 /* AudioEntity.swift */; };
		E1B977372AE465E10095A5E9 /* HomeLandingViewModel.swift in Sources */ = {isa = PBXBuildFile; fileRef = E1B977362AE465E10095A5E9 /* HomeLandingViewModel.swift */; };
		E1BEB5262ADE956A009C8B31 /* SongArtworkTableViewCell.swift in Sources */ = {isa = PBXBuildFile; fileRef = E1BEB5242ADE956A009C8B31 /* SongArtworkTableViewCell.swift */; };
		E1BEB5272ADE956A009C8B31 /* SongArtworkTableViewCell.xib in Resources */ = {isa = PBXBuildFile; fileRef = E1BEB5252ADE956A009C8B31 /* SongArtworkTableViewCell.xib */; };
		E1FC5CC72ADE8E5D00760F98 /* AppDelegate.swift in Sources */ = {isa = PBXBuildFile; fileRef = E1FC5CC62ADE8E5D00760F98 /* AppDelegate.swift */; };
		E1FC5CC92ADE8E5D00760F98 /* SceneDelegate.swift in Sources */ = {isa = PBXBuildFile; fileRef = E1FC5CC82ADE8E5D00760F98 /* SceneDelegate.swift */; };
		E1FC5CD02ADE8E5F00760F98 /* Assets.xcassets in Resources */ = {isa = PBXBuildFile; fileRef = E1FC5CCF2ADE8E5F00760F98 /* Assets.xcassets */; };
		E1FC5CD32ADE8E5F00760F98 /* LaunchScreen.storyboard in Resources */ = {isa = PBXBuildFile; fileRef = E1FC5CD12ADE8E5F00760F98 /* LaunchScreen.storyboard */; };
		E1FC5CDE2ADE8E5F00760F98 /* MusicPlayerTests.swift in Sources */ = {isa = PBXBuildFile; fileRef = E1FC5CDD2ADE8E5F00760F98 /* MusicPlayerTests.swift */; };
		E1FC5CE82ADE8E5F00760F98 /* MusicPlayerUITests.swift in Sources */ = {isa = PBXBuildFile; fileRef = E1FC5CE72ADE8E5F00760F98 /* MusicPlayerUITests.swift */; };
		E1FC5CEA2ADE8E5F00760F98 /* MusicPlayerUITestsLaunchTests.swift in Sources */ = {isa = PBXBuildFile; fileRef = E1FC5CE92ADE8E5F00760F98 /* MusicPlayerUITestsLaunchTests.swift */; };
/* End PBXBuildFile section */

/* Begin PBXContainerItemProxy section */
		E1FC5CDA2ADE8E5F00760F98 /* PBXContainerItemProxy */ = {
			isa = PBXContainerItemProxy;
			containerPortal = E1FC5CBB2ADE8E5D00760F98 /* Project object */;
			proxyType = 1;
			remoteGlobalIDString = E1FC5CC22ADE8E5D00760F98;
			remoteInfo = MusicPlayer;
		};
		E1FC5CE42ADE8E5F00760F98 /* PBXContainerItemProxy */ = {
			isa = PBXContainerItemProxy;
			containerPortal = E1FC5CBB2ADE8E5D00760F98 /* Project object */;
			proxyType = 1;
			remoteGlobalIDString = E1FC5CC22ADE8E5D00760F98;
			remoteInfo = MusicPlayer;
		};
/* End PBXContainerItemProxy section */

/* Begin PBXFileReference section */
		E129BA8D2ADEA87400837C7F /* SongPlayerViewController.swift */ = {isa = PBXFileReference; lastKnownFileType = sourcecode.swift; path = SongPlayerViewController.swift; sourceTree = "<group>"; };
		E129BA8F2ADEA88000837C7F /* SongPlayer.storyboard */ = {isa = PBXFileReference; lastKnownFileType = file.storyboard; path = SongPlayer.storyboard; sourceTree = "<group>"; };
		E15733FE2ADE90D000070385 /* AtrangiKissa.mp3 */ = {isa = PBXFileReference; lastKnownFileType = audio.mp3; path = AtrangiKissa.mp3; sourceTree = "<group>"; };
		E15733FF2ADE90D000070385 /* MannLaage.mp3 */ = {isa = PBXFileReference; lastKnownFileType = audio.mp3; path = MannLaage.mp3; sourceTree = "<group>"; };
		E15734002ADE90D000070385 /* ChaleyaJawan.mp3 */ = {isa = PBXFileReference; lastKnownFileType = audio.mp3; path = ChaleyaJawan.mp3; sourceTree = "<group>"; };
		E15734012ADE90D000070385 /* SanuEkPal.mp3 */ = {isa = PBXFileReference; lastKnownFileType = audio.mp3; path = SanuEkPal.mp3; sourceTree = "<group>"; };
		E15734022ADE90D000070385 /* HuaMainAnimal.mp3 */ = {isa = PBXFileReference; lastKnownFileType = audio.mp3; path = HuaMainAnimal.mp3; sourceTree = "<group>"; };
		E15734032ADE90D000070385 /* UnkiAadatSi.mp3 */ = {isa = PBXFileReference; lastKnownFileType = audio.mp3; path = UnkiAadatSi.mp3; sourceTree = "<group>"; };
		E15734042ADE90D100070385 /* JaanaHaiTohJa.mp3 */ = {isa = PBXFileReference; lastKnownFileType = audio.mp3; path = JaanaHaiTohJa.mp3; sourceTree = "<group>"; };
		E157341D2ADE91AC00070385 /* ViewModel.swift */ = {isa = PBXFileReference; fileEncoding = 4; lastKnownFileType = sourcecode.swift; path = ViewModel.swift; sourceTree = "<group>"; };
		E15734202ADE91C100070385 /* Model.swift */ = {isa = PBXFileReference; fileEncoding = 4; lastKnownFileType = sourcecode.swift; path = Model.swift; sourceTree = "<group>"; };
		E18A038A2ADE93B800A10632 /* HomeLanding.storyboard */ = {isa = PBXFileReference; lastKnownFileType = file.storyboard; path = HomeLanding.storyboard; sourceTree = "<group>"; };
		E18A038C2ADE93C900A10632 /* HomeLandingViewController.swift */ = {isa = PBXFileReference; lastKnownFileType = sourcecode.swift; path = HomeLandingViewController.swift; sourceTree = "<group>"; };
		E1B9772E2AE460700095A5E9 /* AudioManager.swift */ = {isa = PBXFileReference; lastKnownFileType = sourcecode.swift; path = AudioManager.swift; sourceTree = "<group>"; };
		E1B977302AE4643C0095A5E9 /* AudioAssetManager.swift */ = {isa = PBXFileReference; lastKnownFileType = sourcecode.swift; path = AudioAssetManager.swift; sourceTree = "<group>"; };
		E1B977322AE465770095A5E9 /* AudioEntity.swift */ = {isa = PBXFileReference; lastKnownFileType = sourcecode.swift; path = AudioEntity.swift; sourceTree = "<group>"; };
		E1B977362AE465E10095A5E9 /* HomeLandingViewModel.swift */ = {isa = PBXFileReference; lastKnownFileType = sourcecode.swift; path = HomeLandingViewModel.swift; sourceTree = "<group>"; };
		E1BEB5242ADE956A009C8B31 /* SongArtworkTableViewCell.swift */ = {isa = PBXFileReference; lastKnownFileType = sourcecode.swift; path = SongArtworkTableViewCell.swift; sourceTree = "<group>"; };
		E1BEB5252ADE956A009C8B31 /* SongArtworkTableViewCell.xib */ = {isa = PBXFileReference; lastKnownFileType = file.xib; path = SongArtworkTableViewCell.xib; sourceTree = "<group>"; };
		E1FC5CC32ADE8E5D00760F98 /* MusicPlayer.app */ = {isa = PBXFileReference; explicitFileType = wrapper.application; includeInIndex = 0; path = MusicPlayer.app; sourceTree = BUILT_PRODUCTS_DIR; };
		E1FC5CC62ADE8E5D00760F98 /* AppDelegate.swift */ = {isa = PBXFileReference; lastKnownFileType = sourcecode.swift; path = AppDelegate.swift; sourceTree = "<group>"; };
		E1FC5CC82ADE8E5D00760F98 /* SceneDelegate.swift */ = {isa = PBXFileReference; lastKnownFileType = sourcecode.swift; path = SceneDelegate.swift; sourceTree = "<group>"; };
		E1FC5CCF2ADE8E5F00760F98 /* Assets.xcassets */ = {isa = PBXFileReference; lastKnownFileType = folder.assetcatalog; path = Assets.xcassets; sourceTree = "<group>"; };
		E1FC5CD22ADE8E5F00760F98 /* Base */ = {isa = PBXFileReference; lastKnownFileType = file.storyboard; name = Base; path = Base.lproj/LaunchScreen.storyboard; sourceTree = "<group>"; };
		E1FC5CD42ADE8E5F00760F98 /* Info.plist */ = {isa = PBXFileReference; lastKnownFileType = text.plist.xml; path = Info.plist; sourceTree = "<group>"; };
		E1FC5CD92ADE8E5F00760F98 /* MusicPlayerTests.xctest */ = {isa = PBXFileReference; explicitFileType = wrapper.cfbundle; includeInIndex = 0; path = MusicPlayerTests.xctest; sourceTree = BUILT_PRODUCTS_DIR; };
		E1FC5CDD2ADE8E5F00760F98 /* MusicPlayerTests.swift */ = {isa = PBXFileReference; lastKnownFileType = sourcecode.swift; path = MusicPlayerTests.swift; sourceTree = "<group>"; };
		E1FC5CE32ADE8E5F00760F98 /* MusicPlayerUITests.xctest */ = {isa = PBXFileReference; explicitFileType = wrapper.cfbundle; includeInIndex = 0; path = MusicPlayerUITests.xctest; sourceTree = BUILT_PRODUCTS_DIR; };
		E1FC5CE72ADE8E5F00760F98 /* MusicPlayerUITests.swift */ = {isa = PBXFileReference; lastKnownFileType = sourcecode.swift; path = MusicPlayerUITests.swift; sourceTree = "<group>"; };
		E1FC5CE92ADE8E5F00760F98 /* MusicPlayerUITestsLaunchTests.swift */ = {isa = PBXFileReference; lastKnownFileType = sourcecode.swift; path = MusicPlayerUITestsLaunchTests.swift; sourceTree = "<group>"; };
/* End PBXFileReference section */

/* Begin PBXFrameworksBuildPhase section */
		E1FC5CC02ADE8E5D00760F98 /* Frameworks */ = {
			isa = PBXFrameworksBuildPhase;
			buildActionMask = 2147483647;
			files = (
			);
			runOnlyForDeploymentPostprocessing = 0;
		};
		E1FC5CD62ADE8E5F00760F98 /* Frameworks */ = {
			isa = PBXFrameworksBuildPhase;
			buildActionMask = 2147483647;
			files = (
			);
			runOnlyForDeploymentPostprocessing = 0;
		};
		E1FC5CE02ADE8E5F00760F98 /* Frameworks */ = {
			isa = PBXFrameworksBuildPhase;
			buildActionMask = 2147483647;
			files = (
			);
			runOnlyForDeploymentPostprocessing = 0;
		};
/* End PBXFrameworksBuildPhase section */

/* Begin PBXGroup section */
		E129BA912ADEAA7100837C7F /* View */ = {
			isa = PBXGroup;
			children = (
				E129BA8D2ADEA87400837C7F /* SongPlayerViewController.swift */,
				E129BA8F2ADEA88000837C7F /* SongPlayer.storyboard */,
			);
			path = View;
			sourceTree = "<group>";
		};
		E129BA922ADEAA7700837C7F /* SongPlayer */ = {
			isa = PBXGroup;
			children = (
				E129BA912ADEAA7100837C7F /* View */,
			);
			path = SongPlayer;
			sourceTree = "<group>";
		};
		E157340D2ADE90E300070385 /* Audio */ = {
			isa = PBXGroup;
			children = (
				E1B977352AE465B20095A5E9 /* Manager */,
				E1B977342AE4659B0095A5E9 /* Assets */,
			);
			path = Audio;
			sourceTree = "<group>";
		};
		E157340E2ADE90FE00070385 /* Lifecycle */ = {
			isa = PBXGroup;
			children = (
				E1FC5CC62ADE8E5D00760F98 /* AppDelegate.swift */,
				E1FC5CC82ADE8E5D00760F98 /* SceneDelegate.swift */,
			);
			path = Lifecycle;
			sourceTree = "<group>";
		};
		E15734132ADE914F00070385 /* View */ = {
			isa = PBXGroup;
			children = (
				E18A038A2ADE93B800A10632 /* HomeLanding.storyboard */,
				E18A038C2ADE93C900A10632 /* HomeLandingViewController.swift */,
				E157341A2ADE917D00070385 /* Cell */,
			);
			path = View;
			sourceTree = "<group>";
		};
		E157341A2ADE917D00070385 /* Cell */ = {
			isa = PBXGroup;
			children = (
				E1BEB5242ADE956A009C8B31 /* SongArtworkTableViewCell.swift */,
				E1BEB5252ADE956A009C8B31 /* SongArtworkTableViewCell.xib */,
			);
			path = Cell;
			sourceTree = "<group>";
		};
		E157341F2ADE91B400070385 /* ViewModel */ = {
			isa = PBXGroup;
			children = (
				E157341D2ADE91AC00070385 /* ViewModel.swift */,
				E1B977362AE465E10095A5E9 /* HomeLandingViewModel.swift */,
			);
			path = ViewModel;
			sourceTree = "<group>";
		};
		E15734222ADE91C400070385 /* Model */ = {
			isa = PBXGroup;
			children = (
				E15734202ADE91C100070385 /* Model.swift */,
			);
			path = Model;
			sourceTree = "<group>";
		};
		E15734232ADE91D400070385 /* HomeLanding */ = {
			isa = PBXGroup;
			children = (
				E15734222ADE91C400070385 /* Model */,
				E157341F2ADE91B400070385 /* ViewModel */,
				E15734132ADE914F00070385 /* View */,
			);
			path = HomeLanding;
			sourceTree = "<group>";
		};
		E1B977342AE4659B0095A5E9 /* Assets */ = {
			isa = PBXGroup;
			children = (
				E15734002ADE90D000070385 /* ChaleyaJawan.mp3 */,
				E15734022ADE90D000070385 /* HuaMainAnimal.mp3 */,
				E15734042ADE90D100070385 /* JaanaHaiTohJa.mp3 */,
				E15733FF2ADE90D000070385 /* MannLaage.mp3 */,
				E15734012ADE90D000070385 /* SanuEkPal.mp3 */,
				E15734032ADE90D000070385 /* UnkiAadatSi.mp3 */,
				E15733FE2ADE90D000070385 /* AtrangiKissa.mp3 */,
			);
			path = Assets;
			sourceTree = "<group>";
		};
		E1B977352AE465B20095A5E9 /* Manager */ = {
			isa = PBXGroup;
			children = (
				E1B9772E2AE460700095A5E9 /* AudioManager.swift */,
				E1B977302AE4643C0095A5E9 /* AudioAssetManager.swift */,
				E1B977322AE465770095A5E9 /* AudioEntity.swift */,
			);
			path = Manager;
			sourceTree = "<group>";
		};
		E1FC5CBA2ADE8E5D00760F98 = {
			isa = PBXGroup;
			children = (
				E1FC5CC52ADE8E5D00760F98 /* MusicPlayer */,
				E1FC5CDC2ADE8E5F00760F98 /* MusicPlayerTests */,
				E1FC5CE62ADE8E5F00760F98 /* MusicPlayerUITests */,
				E1FC5CC42ADE8E5D00760F98 /* Products */,
			);
			sourceTree = "<group>";
		};
		E1FC5CC42ADE8E5D00760F98 /* Products */ = {
			isa = PBXGroup;
			children = (
				E1FC5CC32ADE8E5D00760F98 /* MusicPlayer.app */,
				E1FC5CD92ADE8E5F00760F98 /* MusicPlayerTests.xctest */,
				E1FC5CE32ADE8E5F00760F98 /* MusicPlayerUITests.xctest */,
			);
			name = Products;
			sourceTree = "<group>";
		};
		E1FC5CC52ADE8E5D00760F98 /* MusicPlayer */ = {
			isa = PBXGroup;
			children = (
				E157340D2ADE90E300070385 /* Audio */,
				E157340E2ADE90FE00070385 /* Lifecycle */,
				E15734232ADE91D400070385 /* HomeLanding */,
				E129BA922ADEAA7700837C7F /* SongPlayer */,
				E1FC5CCF2ADE8E5F00760F98 /* Assets.xcassets */,
				E1FC5CD12ADE8E5F00760F98 /* LaunchScreen.storyboard */,
				E1FC5CD42ADE8E5F00760F98 /* Info.plist */,
			);
			path = MusicPlayer;
			sourceTree = "<group>";
		};
		E1FC5CDC2ADE8E5F00760F98 /* MusicPlayerTests */ = {
			isa = PBXGroup;
			children = (
				E1FC5CDD2ADE8E5F00760F98 /* MusicPlayerTests.swift */,
			);
			path = MusicPlayerTests;
			sourceTree = "<group>";
		};
		E1FC5CE62ADE8E5F00760F98 /* MusicPlayerUITests */ = {
			isa = PBXGroup;
			children = (
				E1FC5CE72ADE8E5F00760F98 /* MusicPlayerUITests.swift */,
				E1FC5CE92ADE8E5F00760F98 /* MusicPlayerUITestsLaunchTests.swift */,
			);
			path = MusicPlayerUITests;
			sourceTree = "<group>";
		};
/* End PBXGroup section */

/* Begin PBXNativeTarget section */
		E1FC5CC22ADE8E5D00760F98 /* MusicPlayer */ = {
			isa = PBXNativeTarget;
			buildConfigurationList = E1FC5CED2ADE8E5F00760F98 /* Build configuration list for PBXNativeTarget "MusicPlayer" */;
			buildPhases = (
				E1FC5CBF2ADE8E5D00760F98 /* Sources */,
				E1FC5CC02ADE8E5D00760F98 /* Frameworks */,
				E1FC5CC12ADE8E5D00760F98 /* Resources */,
			);
			buildRules = (
			);
			dependencies = (
			);
			name = MusicPlayer;
			productName = MusicPlayer;
			productReference = E1FC5CC32ADE8E5D00760F98 /* MusicPlayer.app */;
			productType = "com.apple.product-type.application";
		};
		E1FC5CD82ADE8E5F00760F98 /* MusicPlayerTests */ = {
			isa = PBXNativeTarget;
			buildConfigurationList = E1FC5CF02ADE8E5F00760F98 /* Build configuration list for PBXNativeTarget "MusicPlayerTests" */;
			buildPhases = (
				E1FC5CD52ADE8E5F00760F98 /* Sources */,
				E1FC5CD62ADE8E5F00760F98 /* Frameworks */,
				E1FC5CD72ADE8E5F00760F98 /* Resources */,
			);
			buildRules = (
			);
			dependencies = (
				E1FC5CDB2ADE8E5F00760F98 /* PBXTargetDependency */,
			);
			name = MusicPlayerTests;
			productName = MusicPlayerTests;
			productReference = E1FC5CD92ADE8E5F00760F98 /* MusicPlayerTests.xctest */;
			productType = "com.apple.product-type.bundle.unit-test";
		};
		E1FC5CE22ADE8E5F00760F98 /* MusicPlayerUITests */ = {
			isa = PBXNativeTarget;
			buildConfigurationList = E1FC5CF32ADE8E5F00760F98 /* Build configuration list for PBXNativeTarget "MusicPlayerUITests" */;
			buildPhases = (
				E1FC5CDF2ADE8E5F00760F98 /* Sources */,
				E1FC5CE02ADE8E5F00760F98 /* Frameworks */,
				E1FC5CE12ADE8E5F00760F98 /* Resources */,
			);
			buildRules = (
			);
			dependencies = (
				E1FC5CE52ADE8E5F00760F98 /* PBXTargetDependency */,
			);
			name = MusicPlayerUITests;
			productName = MusicPlayerUITests;
			productReference = E1FC5CE32ADE8E5F00760F98 /* MusicPlayerUITests.xctest */;
			productType = "com.apple.product-type.bundle.ui-testing";
		};
/* End PBXNativeTarget section */

/* Begin PBXProject section */
		E1FC5CBB2ADE8E5D00760F98 /* Project object */ = {
			isa = PBXProject;
			attributes = {
				BuildIndependentTargetsInParallel = 1;
				LastSwiftUpdateCheck = 1500;
				LastUpgradeCheck = 1500;
				TargetAttributes = {
					E1FC5CC22ADE8E5D00760F98 = {
						CreatedOnToolsVersion = 15.0;
					};
					E1FC5CD82ADE8E5F00760F98 = {
						CreatedOnToolsVersion = 15.0;
						TestTargetID = E1FC5CC22ADE8E5D00760F98;
					};
					E1FC5CE22ADE8E5F00760F98 = {
						CreatedOnToolsVersion = 15.0;
						TestTargetID = E1FC5CC22ADE8E5D00760F98;
					};
				};
			};
			buildConfigurationList = E1FC5CBE2ADE8E5D00760F98 /* Build configuration list for PBXProject "MusicPlayer" */;
			compatibilityVersion = "Xcode 14.0";
			developmentRegion = en;
			hasScannedForEncodings = 0;
			knownRegions = (
				en,
				Base,
			);
			mainGroup = E1FC5CBA2ADE8E5D00760F98;
			productRefGroup = E1FC5CC42ADE8E5D00760F98 /* Products */;
			projectDirPath = "";
			projectRoot = "";
			targets = (
				E1FC5CC22ADE8E5D00760F98 /* MusicPlayer */,
				E1FC5CD82ADE8E5F00760F98 /* MusicPlayerTests */,
				E1FC5CE22ADE8E5F00760F98 /* MusicPlayerUITests */,
			);
		};
/* End PBXProject section */

/* Begin PBXResourcesBuildPhase section */
		E1FC5CC12ADE8E5D00760F98 /* Resources */ = {
			isa = PBXResourcesBuildPhase;
			buildActionMask = 2147483647;
			files = (
				E157340B2ADE90D100070385 /* JaanaHaiTohJa.mp3 in Resources */,
				E15734072ADE90D100070385 /* ChaleyaJawan.mp3 in Resources */,
				E15734062ADE90D100070385 /* MannLaage.mp3 in Resources */,
				E1FC5CD32ADE8E5F00760F98 /* LaunchScreen.storyboard in Resources */,
				E1BEB5272ADE956A009C8B31 /* SongArtworkTableViewCell.xib in Resources */,
				E15734052ADE90D100070385 /* AtrangiKissa.mp3 in Resources */,
				E1FC5CD02ADE8E5F00760F98 /* Assets.xcassets in Resources */,
				E15734092ADE90D100070385 /* HuaMainAnimal.mp3 in Resources */,
				E129BA902ADEA88000837C7F /* SongPlayer.storyboard in Resources */,
				E157340A2ADE90D100070385 /* UnkiAadatSi.mp3 in Resources */,
				E15734082ADE90D100070385 /* SanuEkPal.mp3 in Resources */,
				E18A038B2ADE93B800A10632 /* HomeLanding.storyboard in Resources */,
			);
			runOnlyForDeploymentPostprocessing = 0;
		};
		E1FC5CD72ADE8E5F00760F98 /* Resources */ = {
			isa = PBXResourcesBuildPhase;
			buildActionMask = 2147483647;
			files = (
			);
			runOnlyForDeploymentPostprocessing = 0;
		};
		E1FC5CE12ADE8E5F00760F98 /* Resources */ = {
			isa = PBXResourcesBuildPhase;
			buildActionMask = 2147483647;
			files = (
			);
			runOnlyForDeploymentPostprocessing = 0;
		};
/* End PBXResourcesBuildPhase section */

/* Begin PBXSourcesBuildPhase section */
		E1FC5CBF2ADE8E5D00760F98 /* Sources */ = {
			isa = PBXSourcesBuildPhase;
			buildActionMask = 2147483647;
			files = (
				E157341E2ADE91AC00070385 /* ViewModel.swift in Sources */,
				E129BA8E2ADEA87400837C7F /* SongPlayerViewController.swift in Sources */,
				E1B977372AE465E10095A5E9 /* HomeLandingViewModel.swift in Sources */,
				E1B9772F2AE460700095A5E9 /* AudioManager.swift in Sources */,
				E1FC5CC72ADE8E5D00760F98 /* AppDelegate.swift in Sources */,
				E15734212ADE91C100070385 /* Model.swift in Sources */,
				E1B977332AE465770095A5E9 /* AudioEntity.swift in Sources */,
				E1BEB5262ADE956A009C8B31 /* SongArtworkTableViewCell.swift in Sources */,
				E1FC5CC92ADE8E5D00760F98 /* SceneDelegate.swift in Sources */,
				E18A038D2ADE93C900A10632 /* HomeLandingViewController.swift in Sources */,
				E1B977312AE4643C0095A5E9 /* AudioAssetManager.swift in Sources */,
			);
			runOnlyForDeploymentPostprocessing = 0;
		};
		E1FC5CD52ADE8E5F00760F98 /* Sources */ = {
			isa = PBXSourcesBuildPhase;
			buildActionMask = 2147483647;
			files = (
				E1FC5CDE2ADE8E5F00760F98 /* MusicPlayerTests.swift in Sources */,
			);
			runOnlyForDeploymentPostprocessing = 0;
		};
		E1FC5CDF2ADE8E5F00760F98 /* Sources */ = {
			isa = PBXSourcesBuildPhase;
			buildActionMask = 2147483647;
			files = (
				E1FC5CE82ADE8E5F00760F98 /* MusicPlayerUITests.swift in Sources */,
				E1FC5CEA2ADE8E5F00760F98 /* MusicPlayerUITestsLaunchTests.swift in Sources */,
			);
			runOnlyForDeploymentPostprocessing = 0;
		};
/* End PBXSourcesBuildPhase section */

/* Begin PBXTargetDependency section */
		E1FC5CDB2ADE8E5F00760F98 /* PBXTargetDependency */ = {
			isa = PBXTargetDependency;
			target = E1FC5CC22ADE8E5D00760F98 /* MusicPlayer */;
			targetProxy = E1FC5CDA2ADE8E5F00760F98 /* PBXContainerItemProxy */;
		};
		E1FC5CE52ADE8E5F00760F98 /* PBXTargetDependency */ = {
			isa = PBXTargetDependency;
			target = E1FC5CC22ADE8E5D00760F98 /* MusicPlayer */;
			targetProxy = E1FC5CE42ADE8E5F00760F98 /* PBXContainerItemProxy */;
		};
/* End PBXTargetDependency section */

/* Begin PBXVariantGroup section */
		E1FC5CD12ADE8E5F00760F98 /* LaunchScreen.storyboard */ = {
			isa = PBXVariantGroup;
			children = (
				E1FC5CD22ADE8E5F00760F98 /* Base */,
			);
			name = LaunchScreen.storyboard;
			sourceTree = "<group>";
		};
/* End PBXVariantGroup section */

/* Begin XCBuildConfiguration section */
		E1FC5CEB2ADE8E5F00760F98 /* Debug */ = {
			isa = XCBuildConfiguration;
			buildSettings = {
				ALWAYS_SEARCH_USER_PATHS = NO;
				ASSETCATALOG_COMPILER_GENERATE_SWIFT_ASSET_SYMBOL_EXTENSIONS = YES;
				CLANG_ANALYZER_NONNULL = YES;
				CLANG_ANALYZER_NUMBER_OBJECT_CONVERSION = YES_AGGRESSIVE;
				CLANG_CXX_LANGUAGE_STANDARD = "gnu++20";
				CLANG_ENABLE_MODULES = YES;
				CLANG_ENABLE_OBJC_ARC = YES;
				CLANG_ENABLE_OBJC_WEAK = YES;
				CLANG_WARN_BLOCK_CAPTURE_AUTORELEASING = YES;
				CLANG_WARN_BOOL_CONVERSION = YES;
				CLANG_WARN_COMMA = YES;
				CLANG_WARN_CONSTANT_CONVERSION = YES;
				CLANG_WARN_DEPRECATED_OBJC_IMPLEMENTATIONS = YES;
				CLANG_WARN_DIRECT_OBJC_ISA_USAGE = YES_ERROR;
				CLANG_WARN_DOCUMENTATION_COMMENTS = YES;
				CLANG_WARN_EMPTY_BODY = YES;
				CLANG_WARN_ENUM_CONVERSION = YES;
				CLANG_WARN_INFINITE_RECURSION = YES;
				CLANG_WARN_INT_CONVERSION = YES;
				CLANG_WARN_NON_LITERAL_NULL_CONVERSION = YES;
				CLANG_WARN_OBJC_IMPLICIT_RETAIN_SELF = YES;
				CLANG_WARN_OBJC_LITERAL_CONVERSION = YES;
				CLANG_WARN_OBJC_ROOT_CLASS = YES_ERROR;
				CLANG_WARN_QUOTED_INCLUDE_IN_FRAMEWORK_HEADER = YES;
				CLANG_WARN_RANGE_LOOP_ANALYSIS = YES;
				CLANG_WARN_STRICT_PROTOTYPES = YES;
				CLANG_WARN_SUSPICIOUS_MOVE = YES;
				CLANG_WARN_UNGUARDED_AVAILABILITY = YES_AGGRESSIVE;
				CLANG_WARN_UNREACHABLE_CODE = YES;
				CLANG_WARN__DUPLICATE_METHOD_MATCH = YES;
				COPY_PHASE_STRIP = NO;
				DEBUG_INFORMATION_FORMAT = dwarf;
				ENABLE_STRICT_OBJC_MSGSEND = YES;
				ENABLE_TESTABILITY = YES;
				ENABLE_USER_SCRIPT_SANDBOXING = YES;
				GCC_C_LANGUAGE_STANDARD = gnu17;
				GCC_DYNAMIC_NO_PIC = NO;
				GCC_NO_COMMON_BLOCKS = YES;
				GCC_OPTIMIZATION_LEVEL = 0;
				GCC_PREPROCESSOR_DEFINITIONS = (
					"DEBUG=1",
					"$(inherited)",
				);
				GCC_WARN_64_TO_32_BIT_CONVERSION = YES;
				GCC_WARN_ABOUT_RETURN_TYPE = YES_ERROR;
				GCC_WARN_UNDECLARED_SELECTOR = YES;
				GCC_WARN_UNINITIALIZED_AUTOS = YES_AGGRESSIVE;
				GCC_WARN_UNUSED_FUNCTION = YES;
				GCC_WARN_UNUSED_VARIABLE = YES;
				IPHONEOS_DEPLOYMENT_TARGET = 17.0;
				LOCALIZATION_PREFERS_STRING_CATALOGS = YES;
				MTL_ENABLE_DEBUG_INFO = INCLUDE_SOURCE;
				MTL_FAST_MATH = YES;
				ONLY_ACTIVE_ARCH = YES;
				SDKROOT = iphoneos;
				SWIFT_ACTIVE_COMPILATION_CONDITIONS = "DEBUG $(inherited)";
				SWIFT_OPTIMIZATION_LEVEL = "-Onone";
			};
			name = Debug;
		};
		E1FC5CEC2ADE8E5F00760F98 /* Release */ = {
			isa = XCBuildConfiguration;
			buildSettings = {
				ALWAYS_SEARCH_USER_PATHS = NO;
				ASSETCATALOG_COMPILER_GENERATE_SWIFT_ASSET_SYMBOL_EXTENSIONS = YES;
				CLANG_ANALYZER_NONNULL = YES;
				CLANG_ANALYZER_NUMBER_OBJECT_CONVERSION = YES_AGGRESSIVE;
				CLANG_CXX_LANGUAGE_STANDARD = "gnu++20";
				CLANG_ENABLE_MODULES = YES;
				CLANG_ENABLE_OBJC_ARC = YES;
				CLANG_ENABLE_OBJC_WEAK = YES;
				CLANG_WARN_BLOCK_CAPTURE_AUTORELEASING = YES;
				CLANG_WARN_BOOL_CONVERSION = YES;
				CLANG_WARN_COMMA = YES;
				CLANG_WARN_CONSTANT_CONVERSION = YES;
				CLANG_WARN_DEPRECATED_OBJC_IMPLEMENTATIONS = YES;
				CLANG_WARN_DIRECT_OBJC_ISA_USAGE = YES_ERROR;
				CLANG_WARN_DOCUMENTATION_COMMENTS = YES;
				CLANG_WARN_EMPTY_BODY = YES;
				CLANG_WARN_ENUM_CONVERSION = YES;
				CLANG_WARN_INFINITE_RECURSION = YES;
				CLANG_WARN_INT_CONVERSION = YES;
				CLANG_WARN_NON_LITERAL_NULL_CONVERSION = YES;
				CLANG_WARN_OBJC_IMPLICIT_RETAIN_SELF = YES;
				CLANG_WARN_OBJC_LITERAL_CONVERSION = YES;
				CLANG_WARN_OBJC_ROOT_CLASS = YES_ERROR;
				CLANG_WARN_QUOTED_INCLUDE_IN_FRAMEWORK_HEADER = YES;
				CLANG_WARN_RANGE_LOOP_ANALYSIS = YES;
				CLANG_WARN_STRICT_PROTOTYPES = YES;
				CLANG_WARN_SUSPICIOUS_MOVE = YES;
				CLANG_WARN_UNGUARDED_AVAILABILITY = YES_AGGRESSIVE;
				CLANG_WARN_UNREACHABLE_CODE = YES;
				CLANG_WARN__DUPLICATE_METHOD_MATCH = YES;
				COPY_PHASE_STRIP = NO;
				DEBUG_INFORMATION_FORMAT = "dwarf-with-dsym";
				ENABLE_NS_ASSERTIONS = NO;
				ENABLE_STRICT_OBJC_MSGSEND = YES;
				ENABLE_USER_SCRIPT_SANDBOXING = YES;
				GCC_C_LANGUAGE_STANDARD = gnu17;
				GCC_NO_COMMON_BLOCKS = YES;
				GCC_WARN_64_TO_32_BIT_CONVERSION = YES;
				GCC_WARN_ABOUT_RETURN_TYPE = YES_ERROR;
				GCC_WARN_UNDECLARED_SELECTOR = YES;
				GCC_WARN_UNINITIALIZED_AUTOS = YES_AGGRESSIVE;
				GCC_WARN_UNUSED_FUNCTION = YES;
				GCC_WARN_UNUSED_VARIABLE = YES;
				IPHONEOS_DEPLOYMENT_TARGET = 17.0;
				LOCALIZATION_PREFERS_STRING_CATALOGS = YES;
				MTL_ENABLE_DEBUG_INFO = NO;
				MTL_FAST_MATH = YES;
				SDKROOT = iphoneos;
				SWIFT_COMPILATION_MODE = wholemodule;
				VALIDATE_PRODUCT = YES;
			};
			name = Release;
		};
		E1FC5CEE2ADE8E5F00760F98 /* Debug */ = {
			isa = XCBuildConfiguration;
			buildSettings = {
				ASSETCATALOG_COMPILER_APPICON_NAME = AppIcon;
				ASSETCATALOG_COMPILER_GLOBAL_ACCENT_COLOR_NAME = AccentColor;
				CODE_SIGN_STYLE = Automatic;
				CURRENT_PROJECT_VERSION = 1;
				DEVELOPMENT_TEAM = QA6K73HN4W;
				GENERATE_INFOPLIST_FILE = YES;
				INFOPLIST_FILE = MusicPlayer/Info.plist;
				INFOPLIST_KEY_UIApplicationSupportsIndirectInputEvents = YES;
				INFOPLIST_KEY_UILaunchStoryboardName = LaunchScreen;
				INFOPLIST_KEY_UIMainStoryboardFile = HomeLanding;
				INFOPLIST_KEY_UISupportedInterfaceOrientations_iPad = "UIInterfaceOrientationPortrait UIInterfaceOrientationPortraitUpsideDown UIInterfaceOrientationLandscapeLeft UIInterfaceOrientationLandscapeRight";
				INFOPLIST_KEY_UISupportedInterfaceOrientations_iPhone = "UIInterfaceOrientationPortrait UIInterfaceOrientationLandscapeLeft UIInterfaceOrientationLandscapeRight";
				LD_RUNPATH_SEARCH_PATHS = (
					"$(inherited)",
					"@executable_path/Frameworks",
				);
				MARKETING_VERSION = 1.0;
				PRODUCT_BUNDLE_IDENTIFIER = SRK.MusicPlayer;
				PRODUCT_NAME = "$(TARGET_NAME)";
				SWIFT_EMIT_LOC_STRINGS = YES;
				SWIFT_VERSION = 5.0;
				TARGETED_DEVICE_FAMILY = "1,2";
			};
			name = Debug;
		};
		E1FC5CEF2ADE8E5F00760F98 /* Release */ = {
			isa = XCBuildConfiguration;
			buildSettings = {
				ASSETCATALOG_COMPILER_APPICON_NAME = AppIcon;
				ASSETCATALOG_COMPILER_GLOBAL_ACCENT_COLOR_NAME = AccentColor;
				CODE_SIGN_STYLE = Automatic;
				CURRENT_PROJECT_VERSION = 1;
				DEVELOPMENT_TEAM = QA6K73HN4W;
				GENERATE_INFOPLIST_FILE = YES;
				INFOPLIST_FILE = MusicPlayer/Info.plist;
				INFOPLIST_KEY_UIApplicationSupportsIndirectInputEvents = YES;
				INFOPLIST_KEY_UILaunchStoryboardName = LaunchScreen;
				INFOPLIST_KEY_UIMainStoryboardFile = HomeLanding;
				INFOPLIST_KEY_UISupportedInterfaceOrientations_iPad = "UIInterfaceOrientationPortrait UIInterfaceOrientationPortraitUpsideDown UIInterfaceOrientationLandscapeLeft UIInterfaceOrientationLandscapeRight";
				INFOPLIST_KEY_UISupportedInterfaceOrientations_iPhone = "UIInterfaceOrientationPortrait UIInterfaceOrientationLandscapeLeft UIInterfaceOrientationLandscapeRight";
				LD_RUNPATH_SEARCH_PATHS = (
					"$(inherited)",
					"@executable_path/Frameworks",
				);
				MARKETING_VERSION = 1.0;
				PRODUCT_BUNDLE_IDENTIFIER = SRK.MusicPlayer;
				PRODUCT_NAME = "$(TARGET_NAME)";
				SWIFT_EMIT_LOC_STRINGS = YES;
				SWIFT_VERSION = 5.0;
				TARGETED_DEVICE_FAMILY = "1,2";
			};
			name = Release;
		};
		E1FC5CF12ADE8E5F00760F98 /* Debug */ = {
			isa = XCBuildConfiguration;
			buildSettings = {
				ALWAYS_EMBED_SWIFT_STANDARD_LIBRARIES = YES;
				BUNDLE_LOADER = "$(TEST_HOST)";
				CODE_SIGN_STYLE = Automatic;
				CURRENT_PROJECT_VERSION = 1;
				GENERATE_INFOPLIST_FILE = YES;
				IPHONEOS_DEPLOYMENT_TARGET = 17.0;
				MARKETING_VERSION = 1.0;
				PRODUCT_BUNDLE_IDENTIFIER = SRK.MusicPlayerTests;
				PRODUCT_NAME = "$(TARGET_NAME)";
				SWIFT_EMIT_LOC_STRINGS = NO;
				SWIFT_VERSION = 5.0;
				TARGETED_DEVICE_FAMILY = "1,2";
				TEST_HOST = "$(BUILT_PRODUCTS_DIR)/MusicPlayer.app/$(BUNDLE_EXECUTABLE_FOLDER_PATH)/MusicPlayer";
			};
			name = Debug;
		};
		E1FC5CF22ADE8E5F00760F98 /* Release */ = {
			isa = XCBuildConfiguration;
			buildSettings = {
				ALWAYS_EMBED_SWIFT_STANDARD_LIBRARIES = YES;
				BUNDLE_LOADER = "$(TEST_HOST)";
				CODE_SIGN_STYLE = Automatic;
				CURRENT_PROJECT_VERSION = 1;
				GENERATE_INFOPLIST_FILE = YES;
				IPHONEOS_DEPLOYMENT_TARGET = 17.0;
				MARKETING_VERSION = 1.0;
				PRODUCT_BUNDLE_IDENTIFIER = SRK.MusicPlayerTests;
				PRODUCT_NAME = "$(TARGET_NAME)";
				SWIFT_EMIT_LOC_STRINGS = NO;
				SWIFT_VERSION = 5.0;
				TARGETED_DEVICE_FAMILY = "1,2";
				TEST_HOST = "$(BUILT_PRODUCTS_DIR)/MusicPlayer.app/$(BUNDLE_EXECUTABLE_FOLDER_PATH)/MusicPlayer";
			};
			name = Release;
		};
		E1FC5CF42ADE8E5F00760F98 /* Debug */ = {
			isa = XCBuildConfiguration;
			buildSettings = {
				ALWAYS_EMBED_SWIFT_STANDARD_LIBRARIES = YES;
				CODE_SIGN_STYLE = Automatic;
				CURRENT_PROJECT_VERSION = 1;
				GENERATE_INFOPLIST_FILE = YES;
				MARKETING_VERSION = 1.0;
				PRODUCT_BUNDLE_IDENTIFIER = SRK.MusicPlayerUITests;
				PRODUCT_NAME = "$(TARGET_NAME)";
				SWIFT_EMIT_LOC_STRINGS = NO;
				SWIFT_VERSION = 5.0;
				TARGETED_DEVICE_FAMILY = "1,2";
				TEST_TARGET_NAME = MusicPlayer;
			};
			name = Debug;
		};
		E1FC5CF52ADE8E5F00760F98 /* Release */ = {
			isa = XCBuildConfiguration;
			buildSettings = {
				ALWAYS_EMBED_SWIFT_STANDARD_LIBRARIES = YES;
				CODE_SIGN_STYLE = Automatic;
				CURRENT_PROJECT_VERSION = 1;
				GENERATE_INFOPLIST_FILE = YES;
				MARKETING_VERSION = 1.0;
				PRODUCT_BUNDLE_IDENTIFIER = SRK.MusicPlayerUITests;
				PRODUCT_NAME = "$(TARGET_NAME)";
				SWIFT_EMIT_LOC_STRINGS = NO;
				SWIFT_VERSION = 5.0;
				TARGETED_DEVICE_FAMILY = "1,2";
				TEST_TARGET_NAME = MusicPlayer;
			};
			name = Release;
		};
/* End XCBuildConfiguration section */

/* Begin XCConfigurationList section */
		E1FC5CBE2ADE8E5D00760F98 /* Build configuration list for PBXProject "MusicPlayer" */ = {
			isa = XCConfigurationList;
			buildConfigurations = (
				E1FC5CEB2ADE8E5F00760F98 /* Debug */,
				E1FC5CEC2ADE8E5F00760F98 /* Release */,
			);
			defaultConfigurationIsVisible = 0;
			defaultConfigurationName = Release;
		};
		E1FC5CED2ADE8E5F00760F98 /* Build configuration list for PBXNativeTarget "MusicPlayer" */ = {
			isa = XCConfigurationList;
			buildConfigurations = (
				E1FC5CEE2ADE8E5F00760F98 /* Debug */,
				E1FC5CEF2ADE8E5F00760F98 /* Release */,
			);
			defaultConfigurationIsVisible = 0;
			defaultConfigurationName = Release;
		};
		E1FC5CF02ADE8E5F00760F98 /* Build configuration list for PBXNativeTarget "MusicPlayerTests" */ = {
			isa = XCConfigurationList;
			buildConfigurations = (
				E1FC5CF12ADE8E5F00760F98 /* Debug */,
				E1FC5CF22ADE8E5F00760F98 /* Release */,
			);
			defaultConfigurationIsVisible = 0;
			defaultConfigurationName = Release;
		};
		E1FC5CF32ADE8E5F00760F98 /* Build configuration list for PBXNativeTarget "MusicPlayerUITests" */ = {
			isa = XCConfigurationList;
			buildConfigurations = (
				E1FC5CF42ADE8E5F00760F98 /* Debug */,
				E1FC5CF52ADE8E5F00760F98 /* Release */,
			);
			defaultConfigurationIsVisible = 0;
			defaultConfigurationName = Release;
		};
/* End XCConfigurationList section */
	};
	rootObject = E1FC5CBB2ADE8E5D00760F98 /* Project object */;
}
